// !$*UTF8*$!
{
	archiveVersion = 1;
	classes = {
	};
	objectVersion = 50;
	objects = {

/* Begin PBXBuildFile section */
		AB096A7021B0A312001E5D10 /* Assets.xcassets in Resources */ = {isa = PBXBuildFile; fileRef = AB096A6F21B0A312001E5D10 /* Assets.xcassets */; };
		AB096A7321B0A312001E5D10 /* LaunchScreen.storyboard in Resources */ = {isa = PBXBuildFile; fileRef = AB096A7121B0A312001E5D10 /* LaunchScreen.storyboard */; };
		AB096A7621B0A312001E5D10 /* main.m in Sources */ = {isa = PBXBuildFile; fileRef = AB096A7521B0A312001E5D10 /* main.m */; };
		AB096A8B21B0A46C001E5D10 /* AppDelegate.m in Sources */ = {isa = PBXBuildFile; fileRef = AB096A8721B0A46C001E5D10 /* AppDelegate.m */; };
		AB096A8C21B0A46C001E5D10 /* CoolCell.m in Sources */ = {isa = PBXBuildFile; fileRef = AB096A8921B0A46C001E5D10 /* CoolCell.m */; };
		AB096A8D21B0A46C001E5D10 /* CoolController.m in Sources */ = {isa = PBXBuildFile; fileRef = AB096A8A21B0A46C001E5D10 /* CoolController.m */; };
		AB096A8F21B0A510001E5D10 /* CoolStuff.xib in Resources */ = {isa = PBXBuildFile; fileRef = AB096A8E21B0A510001E5D10 /* CoolStuff.xib */; };
		AB096A9221B0B9C5001E5D10 /* CoolView.m in Sources */ = {isa = PBXBuildFile; fileRef = AB096A9121B0B9C5001E5D10 /* CoolView.m */; };
/* End PBXBuildFile section */

/* Begin PBXFileReference section */
		AB096A6321B0A311001E5D10 /* Coolness2.app */ = {isa = PBXFileReference; explicitFileType = wrapper.application; includeInIndex = 0; path = Coolness2.app; sourceTree = BUILT_PRODUCTS_DIR; };
		AB096A6F21B0A312001E5D10 /* Assets.xcassets */ = {isa = PBXFileReference; lastKnownFileType = folder.assetcatalog; path = Assets.xcassets; sourceTree = "<group>"; };
		AB096A7221B0A312001E5D10 /* Base */ = {isa = PBXFileReference; lastKnownFileType = file.storyboard; name = Base; path = Base.lproj/LaunchScreen.storyboard; sourceTree = "<group>"; };
		AB096A7421B0A312001E5D10 /* Info.plist */ = {isa = PBXFileReference; lastKnownFileType = text.plist.xml; path = Info.plist; sourceTree = "<group>"; };
		AB096A7521B0A312001E5D10 /* main.m */ = {isa = PBXFileReference; lastKnownFileType = sourcecode.c.objc; path = main.m; sourceTree = "<group>"; };
		AB096A8521B0A46C001E5D10 /* CoolCell.h */ = {isa = PBXFileReference; fileEncoding = 4; lastKnownFileType = sourcecode.c.h; path = CoolCell.h; sourceTree = "<group>"; };
		AB096A8621B0A46C001E5D10 /* AppDelegate.h */ = {isa = PBXFileReference; fileEncoding = 4; lastKnownFileType = sourcecode.c.h; path = AppDelegate.h; sourceTree = "<group>"; };
		AB096A8721B0A46C001E5D10 /* AppDelegate.m */ = {isa = PBXFileReference; fileEncoding = 4; lastKnownFileType = sourcecode.c.objc; path = AppDelegate.m; sourceTree = "<group>"; };
		AB096A8821B0A46C001E5D10 /* CoolController.h */ = {isa = PBXFileReference; fileEncoding = 4; lastKnownFileType = sourcecode.c.h; path = CoolController.h; sourceTree = "<group>"; };
		AB096A8921B0A46C001E5D10 /* CoolCell.m */ = {isa = PBXFileReference; fileEncoding = 4; lastKnownFileType = sourcecode.c.objc; path = CoolCell.m; sourceTree = "<group>"; };
		AB096A8A21B0A46C001E5D10 /* CoolController.m */ = {isa = PBXFileReference; fileEncoding = 4; lastKnownFileType = sourcecode.c.objc; path = CoolController.m; sourceTree = "<group>"; };
		AB096A8E21B0A510001E5D10 /* CoolStuff.xib */ = {isa = PBXFileReference; lastKnownFileType = file.xib; path = CoolStuff.xib; sourceTree = "<group>"; };
		AB096A9021B0B9C5001E5D10 /* CoolView.h */ = {isa = PBXFileReference; lastKnownFileType = sourcecode.c.h; path = CoolView.h; sourceTree = "<group>"; };
		AB096A9121B0B9C5001E5D10 /* CoolView.m */ = {isa = PBXFileReference; lastKnownFileType = sourcecode.c.objc; path = CoolView.m; sourceTree = "<group>"; };
/* End PBXFileReference section */

/* Begin PBXFrameworksBuildPhase section */
		AB096A6021B0A311001E5D10 /* Frameworks */ = {
			isa = PBXFrameworksBuildPhase;
			buildActionMask = 2147483647;
			files = (
			);
			runOnlyForDeploymentPostprocessing = 0;
		};
/* End PBXFrameworksBuildPhase section */

/* Begin PBXGroup section */
		AB096A5A21B0A311001E5D10 = {
			isa = PBXGroup;
			children = (
				AB096A6521B0A311001E5D10 /* Coolness2 */,
				AB096A6421B0A311001E5D10 /* Products */,
			);
			sourceTree = "<group>";
		};
		AB096A6421B0A311001E5D10 /* Products */ = {
			isa = PBXGroup;
			children = (
				AB096A6321B0A311001E5D10 /* Coolness2.app */,
			);
			name = Products;
			sourceTree = "<group>";
		};
		AB096A6521B0A311001E5D10 /* Coolness2 */ = {
			isa = PBXGroup;
			children = (
				AB096A8621B0A46C001E5D10 /* AppDelegate.h */,
				AB096A8721B0A46C001E5D10 /* AppDelegate.m */,
				AB096A8521B0A46C001E5D10 /* CoolCell.h */,
				AB096A8921B0A46C001E5D10 /* CoolCell.m */,
				AB096A9021B0B9C5001E5D10 /* CoolView.h */,
				AB096A9121B0B9C5001E5D10 /* CoolView.m */,
				AB096A8821B0A46C001E5D10 /* CoolController.h */,
				AB096A8A21B0A46C001E5D10 /* CoolController.m */,
				AB096A8E21B0A510001E5D10 /* CoolStuff.xib */,
				AB096A6F21B0A312001E5D10 /* Assets.xcassets */,
				AB096A7121B0A312001E5D10 /* LaunchScreen.storyboard */,
				AB096A7421B0A312001E5D10 /* Info.plist */,
				AB096A7521B0A312001E5D10 /* main.m */,
			);
			path = Coolness2;
			sourceTree = "<group>";
		};
/* End PBXGroup section */

/* Begin PBXNativeTarget section */
		AB096A6221B0A311001E5D10 /* Coolness2 */ = {
			isa = PBXNativeTarget;
			buildConfigurationList = AB096A7921B0A312001E5D10 /* Build configuration list for PBXNativeTarget "Coolness2" */;
			buildPhases = (
				AB096A5F21B0A311001E5D10 /* Sources */,
				AB096A6021B0A311001E5D10 /* Frameworks */,
				AB096A6121B0A311001E5D10 /* Resources */,
			);
			buildRules = (
			);
			dependencies = (
			);
			name = Coolness2;
			productName = Coolness2;
			productReference = AB096A6321B0A311001E5D10 /* Coolness2.app */;
			productType = "com.apple.product-type.application";
		};
/* End PBXNativeTarget section */

/* Begin PBXProject section */
		AB096A5B21B0A311001E5D10 /* Project object */ = {
			isa = PBXProject;
			attributes = {
				LastUpgradeCheck = 1010;
				ORGANIZATIONNAME = "About Objects";
				TargetAttributes = {
					AB096A6221B0A311001E5D10 = {
						CreatedOnToolsVersion = 10.1;
					};
				};
			};
			buildConfigurationList = AB096A5E21B0A311001E5D10 /* Build configuration list for PBXProject "Coolness2" */;
			compatibilityVersion = "Xcode 9.3";
			developmentRegion = en;
			hasScannedForEncodings = 0;
			knownRegions = (
				en,
				Base,
			);
			mainGroup = AB096A5A21B0A311001E5D10;
			productRefGroup = AB096A6421B0A311001E5D10 /* Products */;
			projectDirPath = "";
			projectRoot = "";
			targets = (
				AB096A6221B0A311001E5D10 /* Coolness2 */,
			);
		};
/* End PBXProject section */

/* Begin PBXResourcesBuildPhase section */
		AB096A6121B0A311001E5D10 /* Resources */ = {
			isa = PBXResourcesBuildPhase;
			buildActionMask = 2147483647;
			files = (
				AB096A7321B0A312001E5D10 /* LaunchScreen.storyboard in Resources */,
				AB096A8F21B0A510001E5D10 /* CoolStuff.xib in Resources */,
				AB096A7021B0A312001E5D10 /* Assets.xcassets in Resources */,
			);
			runOnlyForDeploymentPostprocessing = 0;
		};
/* End PBXResourcesBuildPhase section */

/* Begin PBXSourcesBuildPhase section */
		AB096A5F21B0A311001E5D10 /* Sources */ = {
			isa = PBXSourcesBuildPhase;
			buildActionMask = 2147483647;
			files = (
				AB096A8D21B0A46C001E5D10 /* CoolController.m in Sources */,
				AB096A8B21B0A46C001E5D10 /* AppDelegate.m in Sources */,
				AB096A7621B0A312001E5D10 /* main.m in Sources */,
				AB096A9221B0B9C5001E5D10 /* CoolView.m in Sources */,
				AB096A8C21B0A46C001E5D10 /* CoolCell.m in Sources */,
			);
			runOnlyForDeploymentPostprocessing = 0;
		};
/* End PBXSourcesBuildPhase section */

/* Begin PBXVariantGroup section */
		AB096A7121B0A312001E5D10 /* LaunchScreen.storyboard */ = {
			isa = PBXVariantGroup;
			children = (
				AB096A7221B0A312001E5D10 /* Base */,
			);
			name = LaunchScreen.storyboard;
			sourceTree = "<group>";
		};
/* End PBXVariantGroup section */

/* Begin XCBuildConfiguration section */
		AB096A7721B0A312001E5D10 /* Debug */ = {
			isa = XCBuildConfiguration;
			buildSettings = {
				ALWAYS_SEARCH_USER_PATHS = NO;
				CLANG_ANALYZER_NONNULL = YES;
				CLANG_ANALYZER_NUMBER_OBJECT_CONVERSION = YES_AGGRESSIVE;
				CLANG_CXX_LANGUAGE_STANDARD = "gnu++14";
				CLANG_CXX_LIBRARY = "libc++";
				CLANG_ENABLE_MODULES = YES;
				CLANG_ENABLE_OBJC_ARC = YES;
				CLANG_ENABLE_OBJC_WEAK = YES;
				CLANG_WARN_BLOCK_CAPTURE_AUTORELEASING = YES;
				CLANG_WARN_BOOL_CONVERSION = YES;
				CLANG_WARN_COMMA = YES;
				CLANG_WARN_CONSTANT_CONVERSION = YES;
				CLANG_WARN_DEPRECATED_OBJC_IMPLEMENTATIONS = YES;
				CLANG_WARN_DIRECT_OBJC_ISA_USAGE = YES_ERROR;
				CLANG_WARN_DOCUMENTATION_COMMENTS = YES;
				CLANG_WARN_EMPTY_BODY = YES;
				CLANG_WARN_ENUM_CONVERSION = YES;
				CLANG_WARN_INFINITE_RECURSION = YES;
				CLANG_WARN_INT_CONVERSION = YES;
				CLANG_WARN_NON_LITERAL_NULL_CONVERSION = YES;
				CLANG_WARN_OBJC_IMPLICIT_RETAIN_SELF = YES;
				CLANG_WARN_OBJC_LITERAL_CONVERSION = YES;
				CLANG_WARN_OBJC_ROOT_CLASS = YES_ERROR;
				CLANG_WARN_RANGE_LOOP_ANALYSIS = YES;
				CLANG_WARN_STRICT_PROTOTYPES = YES;
				CLANG_WARN_SUSPICIOUS_MOVE = YES;
				CLANG_WARN_UNGUARDED_AVAILABILITY = YES_AGGRESSIVE;
				CLANG_WARN_UNREACHABLE_CODE = YES;
				CLANG_WARN__DUPLICATE_METHOD_MATCH = YES;
				CODE_SIGN_IDENTITY = "iPhone Developer";
				COPY_PHASE_STRIP = NO;
				DEBUG_INFORMATION_FORMAT = dwarf;
				ENABLE_STRICT_OBJC_MSGSEND = YES;
				ENABLE_TESTABILITY = YES;
				GCC_C_LANGUAGE_STANDARD = gnu11;
				GCC_DYNAMIC_NO_PIC = NO;
				GCC_NO_COMMON_BLOCKS = YES;
				GCC_OPTIMIZATION_LEVEL = 0;
				GCC_PREPROCESSOR_DEFINITIONS = (
					"DEBUG=1",
					"$(inherited)",
				);
				GCC_WARN_64_TO_32_BIT_CONVERSION = YES;
				GCC_WARN_ABOUT_RETURN_TYPE = YES_ERROR;
				GCC_WARN_UNDECLARED_SELECTOR = YES;
				GCC_WARN_UNINITIALIZED_AUTOS = YES_AGGRESSIVE;
				GCC_WARN_UNUSED_FUNCTION = YES;
				GCC_WARN_UNUSED_VARIABLE = YES;
				IPHONEOS_DEPLOYMENT_TARGET = 12.1;
				MTL_ENABLE_DEBUG_INFO = INCLUDE_SOURCE;
				MTL_FAST_MATH = YES;
				ONLY_ACTIVE_ARCH = YES;
				SDKROOT = iphoneos;
			};
			name = Debug;
		};
		AB096A7821B0A312001E5D10 /* Release */ = {
			isa = XCBuildConfiguration;
			buildSettings = {
				ALWAYS_SEARCH_USER_PATHS = NO;
				CLANG_ANALYZER_NONNULL = YES;
				CLANG_ANALYZER_NUMBER_OBJECT_CONVERSION = YES_AGGRESSIVE;
				CLANG_CXX_LANGUAGE_STANDARD = "gnu++14";
				CLANG_CXX_LIBRARY = "libc++";
				CLANG_ENABLE_MODULES = YES;
				CLANG_ENABLE_OBJC_ARC = YES;
				CLANG_ENABLE_OBJC_WEAK = YES;
				CLANG_WARN_BLOCK_CAPTURE_AUTORELEASING = YES;
				CLANG_WARN_BOOL_CONVERSION = YES;
				CLANG_WARN_COMMA = YES;
				CLANG_WARN_CONSTANT_CONVERSION = YES;
				CLANG_WARN_DEPRECATED_OBJC_IMPLEMENTATIONS = YES;
				CLANG_WARN_DIRECT_OBJC_ISA_USAGE = YES_ERROR;
				CLANG_WARN_DOCUMENTATION_COMMENTS = YES;
				CLANG_WARN_EMPTY_BODY = YES;
				CLANG_WARN_ENUM_CONVERSION = YES;
				CLANG_WARN_INFINITE_RECURSION = YES;
				CLANG_WARN_INT_CONVERSION = YES;
				CLANG_WARN_NON_LITERAL_NULL_CONVERSION = YES;
				CLANG_WARN_OBJC_IMPLICIT_RETAIN_SELF = YES;
				CLANG_WARN_OBJC_LITERAL_CONVERSION = YES;
				CLANG_WARN_OBJC_ROOT_CLASS = YES_ERROR;
				CLANG_WARN_RANGE_LOOP_ANALYSIS = YES;
				CLANG_WARN_STRICT_PROTOTYPES = YES;
				CLANG_WARN_SUSPICIOUS_MOVE = YES;
				CLANG_WARN_UNGUARDED_AVAILABILITY = YES_AGGRESSIVE;
				CLANG_WARN_UNREACHABLE_CODE = YES;
				CLANG_WARN__DUPLICATE_METHOD_MATCH = YES;
				CODE_SIGN_IDENTITY = "iPhone Developer";
				COPY_PHASE_STRIP = NO;
				DEBUG_INFORMATION_FORMAT = "dwarf-with-dsym";
				ENABLE_NS_ASSERTIONS = NO;
				ENABLE_STRICT_OBJC_MSGSEND = YES;
				GCC_C_LANGUAGE_STANDARD = gnu11;
				GCC_NO_COMMON_BLOCKS = YES;
				GCC_WARN_64_TO_32_BIT_CONVERSION = YES;
				GCC_WARN_ABOUT_RETURN_TYPE = YES_ERROR;
				GCC_WARN_UNDECLARED_SELECTOR = YES;
				GCC_WARN_UNINITIALIZED_AUTOS = YES_AGGRESSIVE;
				GCC_WARN_UNUSED_FUNCTION = YES;
				GCC_WARN_UNUSED_VARIABLE = YES;
				IPHONEOS_DEPLOYMENT_TARGET = 12.1;
				MTL_ENABLE_DEBUG_INFO = NO;
				MTL_FAST_MATH = YES;
				SDKROOT = iphoneos;
				VALIDATE_PRODUCT = YES;
			};
			name = Release;
		};
		AB096A7A21B0A312001E5D10 /* Debug */ = {
			isa = XCBuildConfiguration;
			buildSettings = {
				ASSETCATALOG_COMPILER_APPICON_NAME = AppIcon;
				CODE_SIGN_STYLE = Automatic;
				DEVELOPMENT_TEAM = 7J7LD9SB6Q;
				INFOPLIST_FILE = Coolness2/Info.plist;
				LD_RUNPATH_SEARCH_PATHS = (
					"$(inherited)",
					"@executable_path/Frameworks",
				);
				PRODUCT_BUNDLE_IDENTIFIER = com.aboutobjects.Coolness2;
				PRODUCT_NAME = "$(TARGET_NAME)";
				TARGETED_DEVICE_FAMILY = "1,2";
			};
			name = Debug;
		};
		AB096A7B21B0A312001E5D10 /* Release */ = {
			isa = XCBuildConfiguration;
			buildSettings = {
				ASSETCATALOG_COMPILER_APPICON_NAME = AppIcon;
				CODE_SIGN_STYLE = Automatic;
				DEVELOPMENT_TEAM = 7J7LD9SB6Q;
				INFOPLIST_FILE = Coolness2/Info.plist;
				LD_RUNPATH_SEARCH_PATHS = (
					"$(inherited)",
					"@executable_path/Frameworks",
				);
				PRODUCT_BUNDLE_IDENTIFIER = com.aboutobjects.Coolness2;
				PRODUCT_NAME = "$(TARGET_NAME)";
				TARGETED_DEVICE_FAMILY = "1,2";
			};
			name = Release;
		};
/* End XCBuildConfiguration section */

/* Begin XCConfigurationList section */
		AB096A5E21B0A311001E5D10 /* Build configuration list for PBXProject "Coolness2" */ = {
			isa = XCConfigurationList;
			buildConfigurations = (
				AB096A7721B0A312001E5D10 /* Debug */,
				AB096A7821B0A312001E5D10 /* Release */,
			);
			defaultConfigurationIsVisible = 0;
			defaultConfigurationName = Release;
		};
		AB096A7921B0A312001E5D10 /* Build configuration list for PBXNativeTarget "Coolness2" */ = {
			isa = XCConfigurationList;
			buildConfigurations = (
				AB096A7A21B0A312001E5D10 /* Debug */,
				AB096A7B21B0A312001E5D10 /* Release */,
			);
			defaultConfigurationIsVisible = 0;
			defaultConfigurationName = Release;
		};
/* End XCConfigurationList section */
	};
	rootObject = AB096A5B21B0A311001E5D10 /* Project object */;
}
